
Microsoft Visual Studio Solution File, Format Version 12.00
# Visual Studio 15
VisualStudioVersion = 15.0.26730.16
MinimumVisualStudioVersion = 10.0.40219.1
Project("{FAE04EC0-301F-11D3-BF4B-00C04F79EFBC}") = "WebAppLab2Turma2017", "WebAppLab2Turma2017\WebAppLab2Turma2017.csproj", "{FC1088CA-B5FC-42C0-B9DF-B275F34DE78C}"
EndProject
Global
	GlobalSection(SolutionConfigurationPlatforms) = preSolution
		Debug|Any CPU = Debug|Any CPU
		Release|Any CPU = Release|Any CPU
	EndGlobalSection
	GlobalSection(ProjectConfigurationPlatforms) = postSolution
		{FC1088CA-B5FC-42C0-B9DF-B275F34DE78C}.Debug|Any CPU.ActiveCfg = Debug|Any CPU
		{FC1088CA-B5FC-42C0-B9DF-B275F34DE78C}.Debug|Any CPU.Build.0 = Debug|Any CPU
		{FC1088CA-B5FC-42C0-B9DF-B275F34DE78C}.Release|Any CPU.ActiveCfg = Release|Any CPU
		{FC1088CA-B5FC-42C0-B9DF-B275F34DE78C}.Release|Any CPU.Build.0 = Release|Any CPU
	EndGlobalSection
	GlobalSection(SolutionProperties) = preSolution
		HideSolutionNode = FALSE
	EndGlobalSection
	GlobalSection(ExtensibilityGlobals) = postSolution
		SolutionGuid = {CFE6CFE0-1AB3-4829-BC50-FD3CB918C9C2}
	EndGlobalSection
EndGlobal
